
Microsoft Visual Studio Solution File, Format Version 12.00
# Visual Studio 14
VisualStudioVersion = 14.0.25420.1
MinimumVisualStudioVersion = 10.0.40219.1
Project("{2150E333-8FDC-42A3-9474-1A3956D46DE8}") = "Solution Items", "Solution Items", "{5FC2EF72-7DD8-4CB4-8EC9-4B6F8623B79F}"
	ProjectSection(SolutionItems) = preProject
		logo5.png = logo5.png
		ovn5.html = ovn5.html
		style.css = style.css
		Övning 6- HTML - Skelett för en film.pdf = Övning 6- HTML - Skelett för en film.pdf
		Övning 7- CSS - Lite skinn på skelettet (1).pdf = Övning 7- CSS - Lite skinn på skelettet (1).pdf
	EndProjectSection
EndProject
Global
	GlobalSection(SolutionProperties) = preSolution
		HideSolutionNode = FALSE
	EndGlobalSection
EndGlobal
